
Microsoft Visual Studio Solution File, Format Version 12.00
# Visual Studio Version 17
VisualStudioVersion = 17.14.36705.20
MinimumVisualStudioVersion = 10.0.40219.1
Project("{FAE04EC0-301F-11D3-BF4B-00C04F79EFBC}") = "EmployeeManagementAPI", "EmployeeManagementAPI\EmployeeManagementAPI.csproj", "{B8A30CBA-2BA3-4DF7-8CD8-B82BD20592AB}"
EndProject
Project("{FAE04EC0-301F-11D3-BF4B-00C04F79EFBC}") = "EmployeeManagementFrontend", "EmployeeManagementFrontend\EmployeeManagementFrontend.csproj", "{207DA520-B799-400A-9278-0A4226A88CE9}"
EndProject
Project("{FAE04EC0-301F-11D3-BF4B-00C04F79EFBC}") = "EmployeeManagementModels", "EmployeeManagementModels\EmployeeManagementModels.csproj", "{606C5C3D-9ADF-423D-AA62-0CAB04E9547E}"
EndProject
Global
	GlobalSection(SolutionConfigurationPlatforms) = preSolution
		Debug|Any CPU = Debug|Any CPU
		Release|Any CPU = Release|Any CPU
	EndGlobalSection
	GlobalSection(ProjectConfigurationPlatforms) = postSolution
		{B8A30CBA-2BA3-4DF7-8CD8-B82BD20592AB}.Debug|Any CPU.ActiveCfg = Debug|Any CPU
		{B8A30CBA-2BA3-4DF7-8CD8-B82BD20592AB}.Debug|Any CPU.Build.0 = Debug|Any CPU
		{B8A30CBA-2BA3-4DF7-8CD8-B82BD20592AB}.Release|Any CPU.ActiveCfg = Release|Any CPU
		{B8A30CBA-2BA3-4DF7-8CD8-B82BD20592AB}.Release|Any CPU.Build.0 = Release|Any CPU
		{207DA520-B799-400A-9278-0A4226A88CE9}.Debug|Any CPU.ActiveCfg = Debug|Any CPU
		{207DA520-B799-400A-9278-0A4226A88CE9}.Debug|Any CPU.Build.0 = Debug|Any CPU
		{207DA520-B799-400A-9278-0A4226A88CE9}.Release|Any CPU.ActiveCfg = Release|Any CPU
		{207DA520-B799-400A-9278-0A4226A88CE9}.Release|Any CPU.Build.0 = Release|Any CPU
		{606C5C3D-9ADF-423D-AA62-0CAB04E9547E}.Debug|Any CPU.ActiveCfg = Debug|Any CPU
		{606C5C3D-9ADF-423D-AA62-0CAB04E9547E}.Debug|Any CPU.Build.0 = Debug|Any CPU
		{606C5C3D-9ADF-423D-AA62-0CAB04E9547E}.Release|Any CPU.ActiveCfg = Release|Any CPU
		{606C5C3D-9ADF-423D-AA62-0CAB04E9547E}.Release|Any CPU.Build.0 = Release|Any CPU
	EndGlobalSection
	GlobalSection(SolutionProperties) = preSolution
		HideSolutionNode = FALSE
	EndGlobalSection
	GlobalSection(ExtensibilityGlobals) = postSolution
		SolutionGuid = {22130830-42F7-4744-A343-08D2D4FFEA48}
	EndGlobalSection
EndGlobal
